// !$*UTF8*$!
{
	archiveVersion = 1;
	classes = {
	};
	objectVersion = 46;
	objects = {

/* Begin PBXBuildFile section */
		0C7962BF1E090A710023D5FB /* AppDelegate.swift in Sources */ = {isa = PBXBuildFile; fileRef = 0C7962BE1E090A710023D5FB /* AppDelegate.swift */; };
		0C7962C11E090A710023D5FB /* ViewController.swift in Sources */ = {isa = PBXBuildFile; fileRef = 0C7962C01E090A710023D5FB /* ViewController.swift */; };
		0C7962C41E090A710023D5FB /* Main.storyboard in Resources */ = {isa = PBXBuildFile; fileRef = 0C7962C21E090A710023D5FB /* Main.storyboard */; };
		0C7962C61E090A710023D5FB /* Assets.xcassets in Resources */ = {isa = PBXBuildFile; fileRef = 0C7962C51E090A710023D5FB /* Assets.xcassets */; };
		0C7962C91E090A710023D5FB /* LaunchScreen.storyboard in Resources */ = {isa = PBXBuildFile; fileRef = 0C7962C71E090A710023D5FB /* LaunchScreen.storyboard */; };
		0C7962D41E090A710023D5FB /* ToDoListTests.swift in Sources */ = {isa = PBXBuildFile; fileRef = 0C7962D31E090A710023D5FB /* ToDoListTests.swift */; };
		0C7962DF1E090A710023D5FB /* ToDoListUITests.swift in Sources */ = {isa = PBXBuildFile; fileRef = 0C7962DE1E090A710023D5FB /* ToDoListUITests.swift */; };
/* End PBXBuildFile section */

/* Begin PBXContainerItemProxy section */
		0C7962D01E090A710023D5FB /* PBXContainerItemProxy */ = {
			isa = PBXContainerItemProxy;
			containerPortal = 0C7962B31E090A710023D5FB /* Project object */;
			proxyType = 1;
			remoteGlobalIDString = 0C7962BA1E090A710023D5FB;
			remoteInfo = ToDoList;
		};
		0C7962DB1E090A710023D5FB /* PBXContainerItemProxy */ = {
			isa = PBXContainerItemProxy;
			containerPortal = 0C7962B31E090A710023D5FB /* Project object */;
			proxyType = 1;
			remoteGlobalIDString = 0C7962BA1E090A710023D5FB;
			remoteInfo = ToDoList;
		};
/* End PBXContainerItemProxy section */

/* Begin PBXFileReference section */
		0C7962BB1E090A710023D5FB /* ToDoList.app */ = {isa = PBXFileReference; explicitFileType = wrapper.application; includeInIndex = 0; path = ToDoList.app; sourceTree = BUILT_PRODUCTS_DIR; };
		0C7962BE1E090A710023D5FB /* AppDelegate.swift */ = {isa = PBXFileReference; lastKnownFileType = sourcecode.swift; path = AppDelegate.swift; sourceTree = "<group>"; };
		0C7962C01E090A710023D5FB /* ViewController.swift */ = {isa = PBXFileReference; lastKnownFileType = sourcecode.swift; path = ViewController.swift; sourceTree = "<group>"; };
		0C7962C31E090A710023D5FB /* Base */ = {isa = PBXFileReference; lastKnownFileType = file.storyboard; name = Base; path = Base.lproj/Main.storyboard; sourceTree = "<group>"; };
		0C7962C51E090A710023D5FB /* Assets.xcassets */ = {isa = PBXFileReference; lastKnownFileType = folder.assetcatalog; path = Assets.xcassets; sourceTree = "<group>"; };
		0C7962C81E090A710023D5FB /* Base */ = {isa = PBXFileReference; lastKnownFileType = file.storyboard; name = Base; path = Base.lproj/LaunchScreen.storyboard; sourceTree = "<group>"; };
		0C7962CA1E090A710023D5FB /* Info.plist */ = {isa = PBXFileReference; lastKnownFileType = text.plist.xml; path = Info.plist; sourceTree = "<group>"; };
		0C7962CF1E090A710023D5FB /* ToDoListTests.xctest */ = {isa = PBXFileReference; explicitFileType = wrapper.cfbundle; includeInIndex = 0; path = ToDoListTests.xctest; sourceTree = BUILT_PRODUCTS_DIR; };
		0C7962D31E090A710023D5FB /* ToDoListTests.swift */ = {isa = PBXFileReference; lastKnownFileType = sourcecode.swift; path = ToDoListTests.swift; sourceTree = "<group>"; };
		0C7962D51E090A710023D5FB /* Info.plist */ = {isa = PBXFileReference; lastKnownFileType = text.plist.xml; path = Info.plist; sourceTree = "<group>"; };
		0C7962DA1E090A710023D5FB /* ToDoListUITests.xctest */ = {isa = PBXFileReference; explicitFileType = wrapper.cfbundle; includeInIndex = 0; path = ToDoListUITests.xctest; sourceTree = BUILT_PRODUCTS_DIR; };
		0C7962DE1E090A710023D5FB /* ToDoListUITests.swift */ = {isa = PBXFileReference; lastKnownFileType = sourcecode.swift; path = ToDoListUITests.swift; sourceTree = "<group>"; };
		0C7962E01E090A710023D5FB /* Info.plist */ = {isa = PBXFileReference; lastKnownFileType = text.plist.xml; path = Info.plist; sourceTree = "<group>"; };
/* End PBXFileReference section */

/* Begin PBXFrameworksBuildPhase section */
		0C7962B81E090A710023D5FB /* Frameworks */ = {
			isa = PBXFrameworksBuildPhase;
			buildActionMask = 2147483647;
			files = (
			);
			runOnlyForDeploymentPostprocessing = 0;
		};
		0C7962CC1E090A710023D5FB /* Frameworks */ = {
			isa = PBXFrameworksBuildPhase;
			buildActionMask = 2147483647;
			files = (
			);
			runOnlyForDeploymentPostprocessing = 0;
		};
		0C7962D71E090A710023D5FB /* Frameworks */ = {
			isa = PBXFrameworksBuildPhase;
			buildActionMask = 2147483647;
			files = (
			);
			runOnlyForDeploymentPostprocessing = 0;
		};
/* End PBXFrameworksBuildPhase section */

/* Begin PBXGroup section */
		0C7962B21E090A710023D5FB = {
			isa = PBXGroup;
			children = (
				0C7962BD1E090A710023D5FB /* ToDoList */,
				0C7962D21E090A710023D5FB /* ToDoListTests */,
				0C7962DD1E090A710023D5FB /* ToDoListUITests */,
				0C7962BC1E090A710023D5FB /* Products */,
			);
			sourceTree = "<group>";
		};
		0C7962BC1E090A710023D5FB /* Products */ = {
			isa = PBXGroup;
			children = (
				0C7962BB1E090A710023D5FB /* ToDoList.app */,
				0C7962CF1E090A710023D5FB /* ToDoListTests.xctest */,
				0C7962DA1E090A710023D5FB /* ToDoListUITests.xctest */,
			);
			name = Products;
			sourceTree = "<group>";
		};
		0C7962BD1E090A710023D5FB /* ToDoList */ = {
			isa = PBXGroup;
			children = (
				0C7962BE1E090A710023D5FB /* AppDelegate.swift */,
				0C7962C01E090A710023D5FB /* ViewController.swift */,
				0C7962C21E090A710023D5FB /* Main.storyboard */,
				0C7962C51E090A710023D5FB /* Assets.xcassets */,
				0C7962C71E090A710023D5FB /* LaunchScreen.storyboard */,
				0C7962CA1E090A710023D5FB /* Info.plist */,
			);
			path = ToDoList;
			sourceTree = "<group>";
		};
		0C7962D21E090A710023D5FB /* ToDoListTests */ = {
			isa = PBXGroup;
			children = (
				0C7962D31E090A710023D5FB /* ToDoListTests.swift */,
				0C7962D51E090A710023D5FB /* Info.plist */,
			);
			path = ToDoListTests;
			sourceTree = "<group>";
		};
		0C7962DD1E090A710023D5FB /* ToDoListUITests */ = {
			isa = PBXGroup;
			children = (
				0C7962DE1E090A710023D5FB /* ToDoListUITests.swift */,
				0C7962E01E090A710023D5FB /* Info.plist */,
			);
			path = ToDoListUITests;
			sourceTree = "<group>";
		};
/* End PBXGroup section */

/* Begin PBXNativeTarget section */
		0C7962BA1E090A710023D5FB /* ToDoList */ = {
			isa = PBXNativeTarget;
			buildConfigurationList = 0C7962E31E090A710023D5FB /* Build configuration list for PBXNativeTarget "ToDoList" */;
			buildPhases = (
				0C7962B71E090A710023D5FB /* Sources */,
				0C7962B81E090A710023D5FB /* Frameworks */,
				0C7962B91E090A710023D5FB /* Resources */,
			);
			buildRules = (
			);
			dependencies = (
			);
			name = ToDoList;
			productName = ToDoList;
			productReference = 0C7962BB1E090A710023D5FB /* ToDoList.app */;
			productType = "com.apple.product-type.application";
		};
		0C7962CE1E090A710023D5FB /* ToDoListTests */ = {
			isa = PBXNativeTarget;
			buildConfigurationList = 0C7962E61E090A710023D5FB /* Build configuration list for PBXNativeTarget "ToDoListTests" */;
			buildPhases = (
				0C7962CB1E090A710023D5FB /* Sources */,
				0C7962CC1E090A710023D5FB /* Frameworks */,
				0C7962CD1E090A710023D5FB /* Resources */,
			);
			buildRules = (
			);
			dependencies = (
				0C7962D11E090A710023D5FB /* PBXTargetDependency */,
			);
			name = ToDoListTests;
			productName = ToDoListTests;
			productReference = 0C7962CF1E090A710023D5FB /* ToDoListTests.xctest */;
			productType = "com.apple.product-type.bundle.unit-test";
		};
		0C7962D91E090A710023D5FB /* ToDoListUITests */ = {
			isa = PBXNativeTarget;
			buildConfigurationList = 0C7962E91E090A710023D5FB /* Build configuration list for PBXNativeTarget "ToDoListUITests" */;
			buildPhases = (
				0C7962D61E090A710023D5FB /* Sources */,
				0C7962D71E090A710023D5FB /* Frameworks */,
				0C7962D81E090A710023D5FB /* Resources */,
			);
			buildRules = (
			);
			dependencies = (
				0C7962DC1E090A710023D5FB /* PBXTargetDependency */,
			);
			name = ToDoListUITests;
			productName = ToDoListUITests;
			productReference = 0C7962DA1E090A710023D5FB /* ToDoListUITests.xctest */;
			productType = "com.apple.product-type.bundle.ui-testing";
		};
/* End PBXNativeTarget section */

/* Begin PBXProject section */
		0C7962B31E090A710023D5FB /* Project object */ = {
			isa = PBXProject;
			attributes = {
				LastSwiftUpdateCheck = 0820;
				LastUpgradeCheck = 0820;
				ORGANIZATIONNAME = UncleDrew;
				TargetAttributes = {
					0C7962BA1E090A710023D5FB = {
						CreatedOnToolsVersion = 8.2;
						DevelopmentTeam = CA9DY76H9N;
						ProvisioningStyle = Automatic;
					};
					0C7962CE1E090A710023D5FB = {
						CreatedOnToolsVersion = 8.2;
						ProvisioningStyle = Automatic;
						TestTargetID = 0C7962BA1E090A710023D5FB;
					};
					0C7962D91E090A710023D5FB = {
						CreatedOnToolsVersion = 8.2;
						ProvisioningStyle = Automatic;
						TestTargetID = 0C7962BA1E090A710023D5FB;
					};
				};
			};
			buildConfigurationList = 0C7962B61E090A710023D5FB /* Build configuration list for PBXProject "ToDoList" */;
			compatibilityVersion = "Xcode 3.2";
			developmentRegion = English;
			hasScannedForEncodings = 0;
			knownRegions = (
				en,
				Base,
			);
			mainGroup = 0C7962B21E090A710023D5FB;
			productRefGroup = 0C7962BC1E090A710023D5FB /* Products */;
			projectDirPath = "";
			projectRoot = "";
			targets = (
				0C7962BA1E090A710023D5FB /* ToDoList */,
				0C7962CE1E090A710023D5FB /* ToDoListTests */,
				0C7962D91E090A710023D5FB /* ToDoListUITests */,
			);
		};
/* End PBXProject section */

/* Begin PBXResourcesBuildPhase section */
		0C7962B91E090A710023D5FB /* Resources */ = {
			isa = PBXResourcesBuildPhase;
			buildActionMask = 2147483647;
			files = (
				0C7962C91E090A710023D5FB /* LaunchScreen.storyboard in Resources */,
				0C7962C61E090A710023D5FB /* Assets.xcassets in Resources */,
				0C7962C41E090A710023D5FB /* Main.storyboard in Resources */,
			);
			runOnlyForDeploymentPostprocessing = 0;
		};
		0C7962CD1E090A710023D5FB /* Resources */ = {
			isa = PBXResourcesBuildPhase;
			buildActionMask = 2147483647;
			files = (
			);
			runOnlyForDeploymentPostprocessing = 0;
		};
		0C7962D81E090A710023D5FB /* Resources */ = {
			isa = PBXResourcesBuildPhase;
			buildActionMask = 2147483647;
			files = (
			);
			runOnlyForDeploymentPostprocessing = 0;
		};
/* End PBXResourcesBuildPhase section */

/* Begin PBXSourcesBuildPhase section */
		0C7962B71E090A710023D5FB /* Sources */ = {
			isa = PBXSourcesBuildPhase;
			buildActionMask = 2147483647;
			files = (
				0C7962C11E090A710023D5FB /* ViewController.swift in Sources */,
				0C7962BF1E090A710023D5FB /* AppDelegate.swift in Sources */,
			);
			runOnlyForDeploymentPostprocessing = 0;
		};
		0C7962CB1E090A710023D5FB /* Sources */ = {
			isa = PBXSourcesBuildPhase;
			buildActionMask = 2147483647;
			files = (
				0C7962D41E090A710023D5FB /* ToDoListTests.swift in Sources */,
			);
			runOnlyForDeploymentPostprocessing = 0;
		};
		0C7962D61E090A710023D5FB /* Sources */ = {
			isa = PBXSourcesBuildPhase;
			buildActionMask = 2147483647;
			files = (
				0C7962DF1E090A710023D5FB /* ToDoListUITests.swift in Sources */,
			);
			runOnlyForDeploymentPostprocessing = 0;
		};
/* End PBXSourcesBuildPhase section */

/* Begin PBXTargetDependency section */
		0C7962D11E090A710023D5FB /* PBXTargetDependency */ = {
			isa = PBXTargetDependency;
			target = 0C7962BA1E090A710023D5FB /* ToDoList */;
			targetProxy = 0C7962D01E090A710023D5FB /* PBXContainerItemProxy */;
		};
		0C7962DC1E090A710023D5FB /* PBXTargetDependency */ = {
			isa = PBXTargetDependency;
			target = 0C7962BA1E090A710023D5FB /* ToDoList */;
			targetProxy = 0C7962DB1E090A710023D5FB /* PBXContainerItemProxy */;
		};
/* End PBXTargetDependency section */

/* Begin PBXVariantGroup section */
		0C7962C21E090A710023D5FB /* Main.storyboard */ = {
			isa = PBXVariantGroup;
			children = (
				0C7962C31E090A710023D5FB /* Base */,
			);
			name = Main.storyboard;
			sourceTree = "<group>";
		};
		0C7962C71E090A710023D5FB /* LaunchScreen.storyboard */ = {
			isa = PBXVariantGroup;
			children = (
				0C7962C81E090A710023D5FB /* Base */,
			);
			name = LaunchScreen.storyboard;
			sourceTree = "<group>";
		};
/* End PBXVariantGroup section */

/* Begin XCBuildConfiguration section */
		0C7962E11E090A710023D5FB /* Debug */ = {
			isa = XCBuildConfiguration;
			buildSettings = {
				ALWAYS_SEARCH_USER_PATHS = NO;
				CLANG_ANALYZER_NONNULL = YES;
				CLANG_CXX_LANGUAGE_STANDARD = "gnu++0x";
				CLANG_CXX_LIBRARY = "libc++";
				CLANG_ENABLE_MODULES = YES;
				CLANG_ENABLE_OBJC_ARC = YES;
				CLANG_WARN_BOOL_CONVERSION = YES;
				CLANG_WARN_CONSTANT_CONVERSION = YES;
				CLANG_WARN_DIRECT_OBJC_ISA_USAGE = YES_ERROR;
				CLANG_WARN_DOCUMENTATION_COMMENTS = YES;
				CLANG_WARN_EMPTY_BODY = YES;
				CLANG_WARN_ENUM_CONVERSION = YES;
				CLANG_WARN_INFINITE_RECURSION = YES;
				CLANG_WARN_INT_CONVERSION = YES;
				CLANG_WARN_OBJC_ROOT_CLASS = YES_ERROR;
				CLANG_WARN_SUSPICIOUS_MOVE = YES;
				CLANG_WARN_UNREACHABLE_CODE = YES;
				CLANG_WARN__DUPLICATE_METHOD_MATCH = YES;
				"CODE_SIGN_IDENTITY[sdk=iphoneos*]" = "iPhone Developer";
				COPY_PHASE_STRIP = NO;
				DEBUG_INFORMATION_FORMAT = dwarf;
				ENABLE_STRICT_OBJC_MSGSEND = YES;
				ENABLE_TESTABILITY = YES;
				GCC_C_LANGUAGE_STANDARD = gnu99;
				GCC_DYNAMIC_NO_PIC = NO;
				GCC_NO_COMMON_BLOCKS = YES;
				GCC_OPTIMIZATION_LEVEL = 0;
				GCC_PREPROCESSOR_DEFINITIONS = (
					"DEBUG=1",
					"$(inherited)",
				);
				GCC_WARN_64_TO_32_BIT_CONVERSION = YES;
				GCC_WARN_ABOUT_RETURN_TYPE = YES_ERROR;
				GCC_WARN_UNDECLARED_SELECTOR = YES;
				GCC_WARN_UNINITIALIZED_AUTOS = YES_AGGRESSIVE;
				GCC_WARN_UNUSED_FUNCTION = YES;
				GCC_WARN_UNUSED_VARIABLE = YES;
				IPHONEOS_DEPLOYMENT_TARGET = 10.2;
				MTL_ENABLE_DEBUG_INFO = YES;
				ONLY_ACTIVE_ARCH = YES;
				SDKROOT = iphoneos;
				SWIFT_ACTIVE_COMPILATION_CONDITIONS = DEBUG;
				SWIFT_OPTIMIZATION_LEVEL = "-Onone";
				TARGETED_DEVICE_FAMILY = "1,2";
			};
			name = Debug;
		};
		0C7962E21E090A710023D5FB /* Release */ = {
			isa = XCBuildConfiguration;
			buildSettings = {
				ALWAYS_SEARCH_USER_PATHS = NO;
				CLANG_ANALYZER_NONNULL = YES;
				CLANG_CXX_LANGUAGE_STANDARD = "gnu++0x";
				CLANG_CXX_LIBRARY = "libc++";
				CLANG_ENABLE_MODULES = YES;
				CLANG_ENABLE_OBJC_ARC = YES;
				CLANG_WARN_BOOL_CONVERSION = YES;
				CLANG_WARN_CONSTANT_CONVERSION = YES;
				CLANG_WARN_DIRECT_OBJC_ISA_USAGE = YES_ERROR;
				CLANG_WARN_DOCUMENTATION_COMMENTS = YES;
				CLANG_WARN_EMPTY_BODY = YES;
				CLANG_WARN_ENUM_CONVERSION = YES;
				CLANG_WARN_INFINITE_RECURSION = YES;
				CLANG_WARN_INT_CONVERSION = YES;
				CLANG_WARN_OBJC_ROOT_CLASS = YES_ERROR;
				CLANG_WARN_SUSPICIOUS_MOVE = YES;
				CLANG_WARN_UNREACHABLE_CODE = YES;
				CLANG_WARN__DUPLICATE_METHOD_MATCH = YES;
				"CODE_SIGN_IDENTITY[sdk=iphoneos*]" = "iPhone Developer";
				COPY_PHASE_STRIP = NO;
				DEBUG_INFORMATION_FORMAT = "dwarf-with-dsym";
				ENABLE_NS_ASSERTIONS = NO;
				ENABLE_STRICT_OBJC_MSGSEND = YES;
				GCC_C_LANGUAGE_STANDARD = gnu99;
				GCC_NO_COMMON_BLOCKS = YES;
				GCC_WARN_64_TO_32_BIT_CONVERSION = YES;
				GCC_WARN_ABOUT_RETURN_TYPE = YES_ERROR;
				GCC_WARN_UNDECLARED_SELECTOR = YES;
				GCC_WARN_UNINITIALIZED_AUTOS = YES_AGGRESSIVE;
				GCC_WARN_UNUSED_FUNCTION = YES;
				GCC_WARN_UNUSED_VARIABLE = YES;
				IPHONEOS_DEPLOYMENT_TARGET = 10.2;
				MTL_ENABLE_DEBUG_INFO = NO;
				SDKROOT = iphoneos;
				SWIFT_OPTIMIZATION_LEVEL = "-Owholemodule";
				TARGETED_DEVICE_FAMILY = "1,2";
				VALIDATE_PRODUCT = YES;
			};
			name = Release;
		};
		0C7962E41E090A710023D5FB /* Debug */ = {
			isa = XCBuildConfiguration;
			buildSettings = {
				ASSETCATALOG_COMPILER_APPICON_NAME = AppIcon;
				DEVELOPMENT_TEAM = CA9DY76H9N;
				INFOPLIST_FILE = ToDoList/Info.plist;
				LD_RUNPATH_SEARCH_PATHS = "$(inherited) @executable_path/Frameworks";
				PRODUCT_BUNDLE_IDENTIFIER = com.uncledrew.ToDoList02;
				PRODUCT_NAME = "$(TARGET_NAME)";
				SWIFT_VERSION = 3.0;
			};
			name = Debug;
		};
		0C7962E51E090A710023D5FB /* Release */ = {
			isa = XCBuildConfiguration;
			buildSettings = {
				ASSETCATALOG_COMPILER_APPICON_NAME = AppIcon;
				DEVELOPMENT_TEAM = CA9DY76H9N;
				INFOPLIST_FILE = ToDoList/Info.plist;
				LD_RUNPATH_SEARCH_PATHS = "$(inherited) @executable_path/Frameworks";
				PRODUCT_BUNDLE_IDENTIFIER = com.uncledrew.ToDoList02;
				PRODUCT_NAME = "$(TARGET_NAME)";
				SWIFT_VERSION = 3.0;
			};
			name = Release;
		};
		0C7962E71E090A710023D5FB /* Debug */ = {
			isa = XCBuildConfiguration;
			buildSettings = {
				ALWAYS_EMBED_SWIFT_STANDARD_LIBRARIES = YES;
				BUNDLE_LOADER = "$(TEST_HOST)";
				INFOPLIST_FILE = ToDoListTests/Info.plist;
				LD_RUNPATH_SEARCH_PATHS = "$(inherited) @executable_path/Frameworks @loader_path/Frameworks";
				PRODUCT_BUNDLE_IDENTIFIER = com.uncledrew.ToDoListTests;
				PRODUCT_NAME = "$(TARGET_NAME)";
				SWIFT_VERSION = 3.0;
				TEST_HOST = "$(BUILT_PRODUCTS_DIR)/ToDoList.app/ToDoList";
			};
			name = Debug;
		};
		0C7962E81E090A710023D5FB /* Release */ = {
			isa = XCBuildConfiguration;
			buildSettings = {
				ALWAYS_EMBED_SWIFT_STANDARD_LIBRARIES = YES;
				BUNDLE_LOADER = "$(TEST_HOST)";
				INFOPLIST_FILE = ToDoListTests/Info.plist;
				LD_RUNPATH_SEARCH_PATHS = "$(inherited) @executable_path/Frameworks @loader_path/Frameworks";
				PRODUCT_BUNDLE_IDENTIFIER = com.uncledrew.ToDoListTests;
				PRODUCT_NAME = "$(TARGET_NAME)";
				SWIFT_VERSION = 3.0;
				TEST_HOST = "$(BUILT_PRODUCTS_DIR)/ToDoList.app/ToDoList";
			};
			name = Release;
		};
		0C7962EA1E090A710023D5FB /* Debug */ = {
			isa = XCBuildConfiguration;
			buildSettings = {
				ALWAYS_EMBED_SWIFT_STANDARD_LIBRARIES = YES;
				INFOPLIST_FILE = ToDoListUITests/Info.plist;
				LD_RUNPATH_SEARCH_PATHS = "$(inherited) @executable_path/Frameworks @loader_path/Frameworks";
				PRODUCT_BUNDLE_IDENTIFIER = com.uncledrew.ToDoListUITests;
				PRODUCT_NAME = "$(TARGET_NAME)";
				SWIFT_VERSION = 3.0;
				TEST_TARGET_NAME = ToDoList;
			};
			name = Debug;
		};
		0C7962EB1E090A710023D5FB /* Release */ = {
			isa = XCBuildConfiguration;
			buildSettings = {
				ALWAYS_EMBED_SWIFT_STANDARD_LIBRARIES = YES;
				INFOPLIST_FILE = ToDoListUITests/Info.plist;
				LD_RUNPATH_SEARCH_PATHS = "$(inherited) @executable_path/Frameworks @loader_path/Frameworks";
				PRODUCT_BUNDLE_IDENTIFIER = com.uncledrew.ToDoListUITests;
				PRODUCT_NAME = "$(TARGET_NAME)";
				SWIFT_VERSION = 3.0;
				TEST_TARGET_NAME = ToDoList;
			};
			name = Release;
		};
/* End XCBuildConfiguration section */

/* Begin XCConfigurationList section */
		0C7962B61E090A710023D5FB /* Build configuration list for PBXProject "ToDoList" */ = {
			isa = XCConfigurationList;
			buildConfigurations = (
				0C7962E11E090A710023D5FB /* Debug */,
				0C7962E21E090A710023D5FB /* Release */,
			);
			defaultConfigurationIsVisible = 0;
			defaultConfigurationName = Release;
		};
		0C7962E31E090A710023D5FB /* Build configuration list for PBXNativeTarget "ToDoList" */ = {
			isa = XCConfigurationList;
			buildConfigurations = (
				0C7962E41E090A710023D5FB /* Debug */,
				0C7962E51E090A710023D5FB /* Release */,
			);
			defaultConfigurationIsVisible = 0;
		};
		0C7962E61E090A710023D5FB /* Build configuration list for PBXNativeTarget "ToDoListTests" */ = {
			isa = XCConfigurationList;
			buildConfigurations = (
				0C7962E71E090A710023D5FB /* Debug */,
				0C7962E81E090A710023D5FB /* Release */,
			);
			defaultConfigurationIsVisible = 0;
		};
		0C7962E91E090A710023D5FB /* Build configuration list for PBXNativeTarget "ToDoListUITests" */ = {
			isa = XCConfigurationList;
			buildConfigurations = (
				0C7962EA1E090A710023D5FB /* Debug */,
				0C7962EB1E090A710023D5FB /* Release */,
			);
			defaultConfigurationIsVisible = 0;
		};
/* End XCConfigurationList section */
	};
	rootObject = 0C7962B31E090A710023D5FB /* Project object */;
}
